
Microsoft Visual Studio Solution File, Format Version 12.00
# Visual Studio Version 17
VisualStudioVersion = 17.11.35017.193
MinimumVisualStudioVersion = 10.0.40219.1
Project("{FAE04EC0-301F-11D3-BF4B-00C04F79EFBC}") = "ROP", "ROP\ROP.csproj", "{CF8A6722-D170-420F-8B12-09A0E11BD6C1}"
EndProject
Global
	GlobalSection(SolutionConfigurationPlatforms) = preSolution
		Debug|Any CPU = Debug|Any CPU
		Release|Any CPU = Release|Any CPU
	EndGlobalSection
	GlobalSection(ProjectConfigurationPlatforms) = postSolution
		{CF8A6722-D170-420F-8B12-09A0E11BD6C1}.Debug|Any CPU.ActiveCfg = Debug|Any CPU
		{CF8A6722-D170-420F-8B12-09A0E11BD6C1}.Debug|Any CPU.Build.0 = Debug|Any CPU
		{CF8A6722-D170-420F-8B12-09A0E11BD6C1}.Release|Any CPU.ActiveCfg = Release|Any CPU
		{CF8A6722-D170-420F-8B12-09A0E11BD6C1}.Release|Any CPU.Build.0 = Release|Any CPU
	EndGlobalSection
	GlobalSection(SolutionProperties) = preSolution
		HideSolutionNode = FALSE
	EndGlobalSection
	GlobalSection(ExtensibilityGlobals) = postSolution
		SolutionGuid = {76EE6FEF-EB53-4255-804B-8BAA563D083B}
	EndGlobalSection
EndGlobal
